
Microsoft Visual Studio Solution File, Format Version 12.00
# Visual Studio Version 16
VisualStudioVersion = 16.0.29613.14
MinimumVisualStudioVersion = 10.0.40219.1
Project("{888888A0-9F3D-457C-B088-3A5042F75D52}") = "PyOpenEHR", "PyOpenEHR\PyOpenEHR.pyproj", "{CB55E612-0371-42D4-9840-BF310C21547C}"
EndProject
Project("{2150E333-8FDC-42A3-9474-1A3956D46DE8}") = "Solution Items", "Solution Items", "{EF2592B5-77E2-425F-BBDE-64ECE9D11854}"
EndProject
Global
	GlobalSection(SolutionConfigurationPlatforms) = preSolution
		Debug|Any CPU = Debug|Any CPU
		Release|Any CPU = Release|Any CPU
	EndGlobalSection
	GlobalSection(ProjectConfigurationPlatforms) = postSolution
		{CB55E612-0371-42D4-9840-BF310C21547C}.Debug|Any CPU.ActiveCfg = Debug|Any CPU
		{CB55E612-0371-42D4-9840-BF310C21547C}.Release|Any CPU.ActiveCfg = Release|Any CPU
	EndGlobalSection
	GlobalSection(SolutionProperties) = preSolution
		HideSolutionNode = FALSE
	EndGlobalSection
	GlobalSection(ExtensibilityGlobals) = postSolution
		SolutionGuid = {1CD1CE94-F71A-4633-A7F1-CB20343D5733}
	EndGlobalSection
EndGlobal
